
Microsoft Visual Studio Solution File, Format Version 12.00
# Visual Studio Version 16
VisualStudioVersion = 16.0.30114.105
MinimumVisualStudioVersion = 10.0.40219.1
Project("{FAE04EC0-301F-11D3-BF4B-00C04F79EFBC}") = "SimplyMeetApi", "SimplyMeetApi\SimplyMeetApi.csproj", "{330EEE16-919C-431D-9A42-770EE26C8DEA}"
EndProject
Project("{FAE04EC0-301F-11D3-BF4B-00C04F79EFBC}") = "SimplyMeetWasm", "SimplyMeetWasm\SimplyMeetWasm.csproj", "{65C3AE1A-0C8F-4CA0-B537-2E61C7A387B9}"
EndProject
Global
	GlobalSection(SolutionConfigurationPlatforms) = preSolution
		Debug|Any CPU = Debug|Any CPU
		Release|Any CPU = Release|Any CPU
	EndGlobalSection
	GlobalSection(SolutionProperties) = preSolution
		HideSolutionNode = FALSE
	EndGlobalSection
	GlobalSection(ProjectConfigurationPlatforms) = postSolution
		{330EEE16-919C-431D-9A42-770EE26C8DEA}.Debug|Any CPU.ActiveCfg = Debug|Any CPU
		{330EEE16-919C-431D-9A42-770EE26C8DEA}.Debug|Any CPU.Build.0 = Debug|Any CPU
		{330EEE16-919C-431D-9A42-770EE26C8DEA}.Release|Any CPU.ActiveCfg = Release|Any CPU
		{330EEE16-919C-431D-9A42-770EE26C8DEA}.Release|Any CPU.Build.0 = Release|Any CPU
		{65C3AE1A-0C8F-4CA0-B537-2E61C7A387B9}.Debug|Any CPU.ActiveCfg = Debug|Any CPU
		{65C3AE1A-0C8F-4CA0-B537-2E61C7A387B9}.Debug|Any CPU.Build.0 = Debug|Any CPU
		{65C3AE1A-0C8F-4CA0-B537-2E61C7A387B9}.Release|Any CPU.ActiveCfg = Release|Any CPU
		{65C3AE1A-0C8F-4CA0-B537-2E61C7A387B9}.Release|Any CPU.Build.0 = Release|Any CPU
	EndGlobalSection
EndGlobal
